
Microsoft Visual Studio Solution File, Format Version 12.00
# Visual Studio 15
VisualStudioVersion = 15.0.26430.6
MinimumVisualStudioVersion = 10.0.40219.1
Project("{FAE04EC0-301F-11D3-BF4B-00C04F79EFBC}") = "GUI", "SistemaFilmes\GUI.csproj", "{594AC631-592E-4AD3-B032-93A08246BFEF}"
EndProject
Project("{FAE04EC0-301F-11D3-BF4B-00C04F79EFBC}") = "Models", "Models\Models.csproj", "{C1A23340-36B5-4A0B-8C14-397B65632B3C}"
EndProject
Project("{FAE04EC0-301F-11D3-BF4B-00C04F79EFBC}") = "DAL", "DAL\DAL.csproj", "{7EC3EC78-180A-4BC9-A595-5CB56D03E5EE}"
EndProject
Project("{FAE04EC0-301F-11D3-BF4B-00C04F79EFBC}") = "WEB", "WEB\WEB.csproj", "{3AB4690C-3C8D-4368-89A2-3BBB7D23D706}"
EndProject
Global
	GlobalSection(SolutionConfigurationPlatforms) = preSolution
		Debug|Any CPU = Debug|Any CPU
		Release|Any CPU = Release|Any CPU
	EndGlobalSection
	GlobalSection(ProjectConfigurationPlatforms) = postSolution
		{594AC631-592E-4AD3-B032-93A08246BFEF}.Debug|Any CPU.ActiveCfg = Debug|Any CPU
		{594AC631-592E-4AD3-B032-93A08246BFEF}.Debug|Any CPU.Build.0 = Debug|Any CPU
		{594AC631-592E-4AD3-B032-93A08246BFEF}.Release|Any CPU.ActiveCfg = Release|Any CPU
		{594AC631-592E-4AD3-B032-93A08246BFEF}.Release|Any CPU.Build.0 = Release|Any CPU
		{C1A23340-36B5-4A0B-8C14-397B65632B3C}.Debug|Any CPU.ActiveCfg = Debug|Any CPU
		{C1A23340-36B5-4A0B-8C14-397B65632B3C}.Debug|Any CPU.Build.0 = Debug|Any CPU
		{C1A23340-36B5-4A0B-8C14-397B65632B3C}.Release|Any CPU.ActiveCfg = Release|Any CPU
		{C1A23340-36B5-4A0B-8C14-397B65632B3C}.Release|Any CPU.Build.0 = Release|Any CPU
		{7EC3EC78-180A-4BC9-A595-5CB56D03E5EE}.Debug|Any CPU.ActiveCfg = Debug|Any CPU
		{7EC3EC78-180A-4BC9-A595-5CB56D03E5EE}.Debug|Any CPU.Build.0 = Debug|Any CPU
		{7EC3EC78-180A-4BC9-A595-5CB56D03E5EE}.Release|Any CPU.ActiveCfg = Release|Any CPU
		{7EC3EC78-180A-4BC9-A595-5CB56D03E5EE}.Release|Any CPU.Build.0 = Release|Any CPU
		{3AB4690C-3C8D-4368-89A2-3BBB7D23D706}.Debug|Any CPU.ActiveCfg = Debug|Any CPU
		{3AB4690C-3C8D-4368-89A2-3BBB7D23D706}.Debug|Any CPU.Build.0 = Debug|Any CPU
		{3AB4690C-3C8D-4368-89A2-3BBB7D23D706}.Release|Any CPU.ActiveCfg = Release|Any CPU
		{3AB4690C-3C8D-4368-89A2-3BBB7D23D706}.Release|Any CPU.Build.0 = Release|Any CPU
	EndGlobalSection
	GlobalSection(SolutionProperties) = preSolution
		HideSolutionNode = FALSE
	EndGlobalSection
EndGlobal
