
Microsoft Visual Studio Solution File, Format Version 12.00
# Visual Studio 14
VisualStudioVersion = 14.0.25420.1
MinimumVisualStudioVersion = 10.0.40219.1
Project("{FAE04EC0-301F-11D3-BF4B-00C04F79EFBC}") = "GUI", "SistemaFilmes\GUI.csproj", "{594AC631-592E-4AD3-B032-93A08246BFEF}"
EndProject
Project("{FAE04EC0-301F-11D3-BF4B-00C04F79EFBC}") = "Models", "Models\Models.csproj", "{C1A23340-36B5-4A0B-8C14-397B65632B3C}"
EndProject
Project("{FAE04EC0-301F-11D3-BF4B-00C04F79EFBC}") = "DAL", "DAL\DAL.csproj", "{4AC4DE6C-428D-4D5A-B593-587D955C2527}"
EndProject
Global
	GlobalSection(SolutionConfigurationPlatforms) = preSolution
		Debug|Any CPU = Debug|Any CPU
		Release|Any CPU = Release|Any CPU
	EndGlobalSection
	GlobalSection(ProjectConfigurationPlatforms) = postSolution
		{594AC631-592E-4AD3-B032-93A08246BFEF}.Debug|Any CPU.ActiveCfg = Debug|Any CPU
		{594AC631-592E-4AD3-B032-93A08246BFEF}.Debug|Any CPU.Build.0 = Debug|Any CPU
		{594AC631-592E-4AD3-B032-93A08246BFEF}.Release|Any CPU.ActiveCfg = Release|Any CPU
		{594AC631-592E-4AD3-B032-93A08246BFEF}.Release|Any CPU.Build.0 = Release|Any CPU
		{C1A23340-36B5-4A0B-8C14-397B65632B3C}.Debug|Any CPU.ActiveCfg = Debug|Any CPU
		{C1A23340-36B5-4A0B-8C14-397B65632B3C}.Debug|Any CPU.Build.0 = Debug|Any CPU
		{C1A23340-36B5-4A0B-8C14-397B65632B3C}.Release|Any CPU.ActiveCfg = Release|Any CPU
		{C1A23340-36B5-4A0B-8C14-397B65632B3C}.Release|Any CPU.Build.0 = Release|Any CPU
		{4AC4DE6C-428D-4D5A-B593-587D955C2527}.Debug|Any CPU.ActiveCfg = Debug|Any CPU
		{4AC4DE6C-428D-4D5A-B593-587D955C2527}.Debug|Any CPU.Build.0 = Debug|Any CPU
		{4AC4DE6C-428D-4D5A-B593-587D955C2527}.Release|Any CPU.ActiveCfg = Release|Any CPU
		{4AC4DE6C-428D-4D5A-B593-587D955C2527}.Release|Any CPU.Build.0 = Release|Any CPU
	EndGlobalSection
	GlobalSection(SolutionProperties) = preSolution
		HideSolutionNode = FALSE
	EndGlobalSection
EndGlobal
